
Microsoft Visual Studio Solution File, Format Version 12.00
# Visual Studio Version 17
VisualStudioVersion = 17.9.34616.47
MinimumVisualStudioVersion = 10.0.40219.1
Project("{FAE04EC0-301F-11D3-BF4B-00C04F79EFBC}") = "ADO.net_codebasetest", "ADO.net_codebasetest\ADO.net_codebasetest.csproj", "{D5DC6F37-AFEC-4D93-AAFF-3D31382D7058}"
EndProject
Global
	GlobalSection(SolutionConfigurationPlatforms) = preSolution
		Debug|Any CPU = Debug|Any CPU
		Release|Any CPU = Release|Any CPU
	EndGlobalSection
	GlobalSection(ProjectConfigurationPlatforms) = postSolution
		{D5DC6F37-AFEC-4D93-AAFF-3D31382D7058}.Debug|Any CPU.ActiveCfg = Debug|Any CPU
		{D5DC6F37-AFEC-4D93-AAFF-3D31382D7058}.Debug|Any CPU.Build.0 = Debug|Any CPU
		{D5DC6F37-AFEC-4D93-AAFF-3D31382D7058}.Release|Any CPU.ActiveCfg = Release|Any CPU
		{D5DC6F37-AFEC-4D93-AAFF-3D31382D7058}.Release|Any CPU.Build.0 = Release|Any CPU
	EndGlobalSection
	GlobalSection(SolutionProperties) = preSolution
		HideSolutionNode = FALSE
	EndGlobalSection
	GlobalSection(ExtensibilityGlobals) = postSolution
		SolutionGuid = {FA045253-C8BE-4EC7-B763-B5F8E9B69C92}
	EndGlobalSection
EndGlobal
